
Microsoft Visual Studio Solution File, Format Version 12.00
# Visual Studio Version 16
VisualStudioVersion = 16.0.31702.278
MinimumVisualStudioVersion = 10.0.40219.1
Project("{2150E333-8FDC-42A3-9474-1A3956D46DE8}") = "Services", "Services", "{DE2500E9-BECF-4C7C-91AA-A295302C6560}"
EndProject
Project("{2150E333-8FDC-42A3-9474-1A3956D46DE8}") = "Catalogs", "Catalogs", "{3D53E4C0-0409-4AF2-93D1-01D758A04C4F}"
EndProject
Project("{9A19103F-16F7-4668-BE54-9A1E7A4F7556}") = "Catalogs.API", "Services\Catalogs\Catalogs.API\Catalogs.API.csproj", "{839C32AA-6240-40D9-8CCF-48FBD7E0E35A}"
EndProject
Project("{E53339B2-1760-4266-BCC7-CA923CBCF16C}") = "docker-compose", "docker-compose.dcproj", "{417F6A38-C9F1-4271-B69B-408EFEA0CF98}"
EndProject
Project("{2150E333-8FDC-42A3-9474-1A3956D46DE8}") = "Basket", "Basket", "{C0167F1C-7C1C-4CE6-8278-E597B96E9F41}"
EndProject
Project("{9A19103F-16F7-4668-BE54-9A1E7A4F7556}") = "Basket.API", "Services\Basket\Basket.API\Basket.API.csproj", "{5A8C7BEA-971C-4DB1-936D-1A7880164503}"
EndProject
Project("{2150E333-8FDC-42A3-9474-1A3956D46DE8}") = "Discount", "Discount", "{29471488-F32A-4367-B27A-253167BA6F6E}"
EndProject
Project("{9A19103F-16F7-4668-BE54-9A1E7A4F7556}") = "Discount.API", "Services\Discount\Discount.API\Discount.API.csproj", "{E20511EF-619D-4B01-910D-593B0327FF96}"
EndProject
Project("{9A19103F-16F7-4668-BE54-9A1E7A4F7556}") = "Discount.Grpc", "Services\Discount\Discount.Grpc\Discount.Grpc.csproj", "{A0DC3E31-2790-410E-84C2-0C3383C03AAB}"
EndProject
Project("{2150E333-8FDC-42A3-9474-1A3956D46DE8}") = "Ordering", "Ordering", "{99358949-8CBF-487E-AE89-2ABC0EFED0CE}"
EndProject
Project("{9A19103F-16F7-4668-BE54-9A1E7A4F7556}") = "Ordering.API", "Services\Ordering\Ordering.API\Ordering.API.csproj", "{9DB9B010-2372-4B4A-B67B-9B5336E57E32}"
EndProject
Project("{9A19103F-16F7-4668-BE54-9A1E7A4F7556}") = "Ordering.Domain", "Services\Ordering\Ordering.Domain\Ordering.Domain.csproj", "{ADCE3A03-FBE0-4637-A947-D85AD6CC430C}"
EndProject
Project("{9A19103F-16F7-4668-BE54-9A1E7A4F7556}") = "Ordering.Application", "Services\Ordering\Ordering.Application\Ordering.Application.csproj", "{620FCA0D-5720-448F-AF1B-115A730560F0}"
EndProject
Project("{9A19103F-16F7-4668-BE54-9A1E7A4F7556}") = "Ordering.Infrastructure", "Services\Ordering\Ordering.Infrastructure\Ordering.Infrastructure.csproj", "{0680F547-9462-4736-9A38-EAC2D8E87AAF}"
EndProject
Project("{2150E333-8FDC-42A3-9474-1A3956D46DE8}") = "BuildingBlocks", "BuildingBlocks", "{F84E0D00-C32D-4384-8137-11F08DEEFD3E}"
EndProject
Project("{FAE04EC0-301F-11D3-BF4B-00C04F79EFBC}") = "EventBus.Messages", "BuildingBlocks\EventBus.Messages\EventBus.Messages.csproj", "{FDE4CC79-AD37-4B90-990D-A9533588326C}"
EndProject
Global
	GlobalSection(SolutionConfigurationPlatforms) = preSolution
		Debug|Any CPU = Debug|Any CPU
		Release|Any CPU = Release|Any CPU
	EndGlobalSection
	GlobalSection(ProjectConfigurationPlatforms) = postSolution
		{839C32AA-6240-40D9-8CCF-48FBD7E0E35A}.Debug|Any CPU.ActiveCfg = Debug|Any CPU
		{839C32AA-6240-40D9-8CCF-48FBD7E0E35A}.Debug|Any CPU.Build.0 = Debug|Any CPU
		{839C32AA-6240-40D9-8CCF-48FBD7E0E35A}.Release|Any CPU.ActiveCfg = Release|Any CPU
		{839C32AA-6240-40D9-8CCF-48FBD7E0E35A}.Release|Any CPU.Build.0 = Release|Any CPU
		{417F6A38-C9F1-4271-B69B-408EFEA0CF98}.Debug|Any CPU.ActiveCfg = Debug|Any CPU
		{417F6A38-C9F1-4271-B69B-408EFEA0CF98}.Debug|Any CPU.Build.0 = Debug|Any CPU
		{417F6A38-C9F1-4271-B69B-408EFEA0CF98}.Release|Any CPU.ActiveCfg = Release|Any CPU
		{417F6A38-C9F1-4271-B69B-408EFEA0CF98}.Release|Any CPU.Build.0 = Release|Any CPU
		{5A8C7BEA-971C-4DB1-936D-1A7880164503}.Debug|Any CPU.ActiveCfg = Debug|Any CPU
		{5A8C7BEA-971C-4DB1-936D-1A7880164503}.Debug|Any CPU.Build.0 = Debug|Any CPU
		{5A8C7BEA-971C-4DB1-936D-1A7880164503}.Release|Any CPU.ActiveCfg = Release|Any CPU
		{5A8C7BEA-971C-4DB1-936D-1A7880164503}.Release|Any CPU.Build.0 = Release|Any CPU
		{E20511EF-619D-4B01-910D-593B0327FF96}.Debug|Any CPU.ActiveCfg = Debug|Any CPU
		{E20511EF-619D-4B01-910D-593B0327FF96}.Debug|Any CPU.Build.0 = Debug|Any CPU
		{E20511EF-619D-4B01-910D-593B0327FF96}.Release|Any CPU.ActiveCfg = Release|Any CPU
		{E20511EF-619D-4B01-910D-593B0327FF96}.Release|Any CPU.Build.0 = Release|Any CPU
		{A0DC3E31-2790-410E-84C2-0C3383C03AAB}.Debug|Any CPU.ActiveCfg = Debug|Any CPU
		{A0DC3E31-2790-410E-84C2-0C3383C03AAB}.Debug|Any CPU.Build.0 = Debug|Any CPU
		{A0DC3E31-2790-410E-84C2-0C3383C03AAB}.Release|Any CPU.ActiveCfg = Release|Any CPU
		{A0DC3E31-2790-410E-84C2-0C3383C03AAB}.Release|Any CPU.Build.0 = Release|Any CPU
		{9DB9B010-2372-4B4A-B67B-9B5336E57E32}.Debug|Any CPU.ActiveCfg = Debug|Any CPU
		{9DB9B010-2372-4B4A-B67B-9B5336E57E32}.Debug|Any CPU.Build.0 = Debug|Any CPU
		{9DB9B010-2372-4B4A-B67B-9B5336E57E32}.Release|Any CPU.ActiveCfg = Release|Any CPU
		{9DB9B010-2372-4B4A-B67B-9B5336E57E32}.Release|Any CPU.Build.0 = Release|Any CPU
		{ADCE3A03-FBE0-4637-A947-D85AD6CC430C}.Debug|Any CPU.ActiveCfg = Debug|Any CPU
		{ADCE3A03-FBE0-4637-A947-D85AD6CC430C}.Debug|Any CPU.Build.0 = Debug|Any CPU
		{ADCE3A03-FBE0-4637-A947-D85AD6CC430C}.Release|Any CPU.ActiveCfg = Release|Any CPU
		{ADCE3A03-FBE0-4637-A947-D85AD6CC430C}.Release|Any CPU.Build.0 = Release|Any CPU
		{620FCA0D-5720-448F-AF1B-115A730560F0}.Debug|Any CPU.ActiveCfg = Debug|Any CPU
		{620FCA0D-5720-448F-AF1B-115A730560F0}.Debug|Any CPU.Build.0 = Debug|Any CPU
		{620FCA0D-5720-448F-AF1B-115A730560F0}.Release|Any CPU.ActiveCfg = Release|Any CPU
		{620FCA0D-5720-448F-AF1B-115A730560F0}.Release|Any CPU.Build.0 = Release|Any CPU
		{0680F547-9462-4736-9A38-EAC2D8E87AAF}.Debug|Any CPU.ActiveCfg = Debug|Any CPU
		{0680F547-9462-4736-9A38-EAC2D8E87AAF}.Debug|Any CPU.Build.0 = Debug|Any CPU
		{0680F547-9462-4736-9A38-EAC2D8E87AAF}.Release|Any CPU.ActiveCfg = Release|Any CPU
		{0680F547-9462-4736-9A38-EAC2D8E87AAF}.Release|Any CPU.Build.0 = Release|Any CPU
		{FDE4CC79-AD37-4B90-990D-A9533588326C}.Debug|Any CPU.ActiveCfg = Debug|Any CPU
		{FDE4CC79-AD37-4B90-990D-A9533588326C}.Debug|Any CPU.Build.0 = Debug|Any CPU
		{FDE4CC79-AD37-4B90-990D-A9533588326C}.Release|Any CPU.ActiveCfg = Release|Any CPU
		{FDE4CC79-AD37-4B90-990D-A9533588326C}.Release|Any CPU.Build.0 = Release|Any CPU
	EndGlobalSection
	GlobalSection(SolutionProperties) = preSolution
		HideSolutionNode = FALSE
	EndGlobalSection
	GlobalSection(NestedProjects) = preSolution
		{3D53E4C0-0409-4AF2-93D1-01D758A04C4F} = {DE2500E9-BECF-4C7C-91AA-A295302C6560}
		{839C32AA-6240-40D9-8CCF-48FBD7E0E35A} = {3D53E4C0-0409-4AF2-93D1-01D758A04C4F}
		{C0167F1C-7C1C-4CE6-8278-E597B96E9F41} = {DE2500E9-BECF-4C7C-91AA-A295302C6560}
		{5A8C7BEA-971C-4DB1-936D-1A7880164503} = {C0167F1C-7C1C-4CE6-8278-E597B96E9F41}
		{29471488-F32A-4367-B27A-253167BA6F6E} = {DE2500E9-BECF-4C7C-91AA-A295302C6560}
		{E20511EF-619D-4B01-910D-593B0327FF96} = {29471488-F32A-4367-B27A-253167BA6F6E}
		{A0DC3E31-2790-410E-84C2-0C3383C03AAB} = {29471488-F32A-4367-B27A-253167BA6F6E}
		{99358949-8CBF-487E-AE89-2ABC0EFED0CE} = {DE2500E9-BECF-4C7C-91AA-A295302C6560}
		{9DB9B010-2372-4B4A-B67B-9B5336E57E32} = {99358949-8CBF-487E-AE89-2ABC0EFED0CE}
		{ADCE3A03-FBE0-4637-A947-D85AD6CC430C} = {99358949-8CBF-487E-AE89-2ABC0EFED0CE}
		{620FCA0D-5720-448F-AF1B-115A730560F0} = {99358949-8CBF-487E-AE89-2ABC0EFED0CE}
		{0680F547-9462-4736-9A38-EAC2D8E87AAF} = {99358949-8CBF-487E-AE89-2ABC0EFED0CE}
		{FDE4CC79-AD37-4B90-990D-A9533588326C} = {F84E0D00-C32D-4384-8137-11F08DEEFD3E}
	EndGlobalSection
	GlobalSection(ExtensibilityGlobals) = postSolution
		SolutionGuid = {64A26474-488C-4F1A-BCB9-613ABA8CB2B5}
	EndGlobalSection
EndGlobal
